Microsoft Visual Studio Solution File, Format Version 12.00
# Visual Studio Version 17
VisualStudioVersion = 17.13.35828.75
MinimumVisualStudioVersion = 10.0.40219.1
Project("{FAE04EC0-301F-11D3-BF4B-00C04F79EFBC}") = "Ex01Resolvido", "Ex01Resolvido.csproj", "{62CE76CD-89F1-BAF3-1A82-96BE77134231}"
EndProject
Global
	GlobalSection(SolutionConfigurationPlatforms) = preSolution
		Debug|Any CPU = Debug|Any CPU
		Release|Any CPU = Release|Any CPU
	EndGlobalSection
	GlobalSection(ProjectConfigurationPlatforms) = postSolution
		{62CE76CD-89F1-BAF3-1A82-96BE77134231}.Debug|Any CPU.ActiveCfg = Debug|Any CPU
		{62CE76CD-89F1-BAF3-1A82-96BE77134231}.Debug|Any CPU.Build.0 = Debug|Any CPU
		{62CE76CD-89F1-BAF3-1A82-96BE77134231}.Release|Any CPU.ActiveCfg = Release|Any CPU
		{62CE76CD-89F1-BAF3-1A82-96BE77134231}.Release|Any CPU.Build.0 = Release|Any CPU
	EndGlobalSection
	GlobalSection(SolutionProperties) = preSolution
		HideSolutionNode = FALSE
	EndGlobalSection
	GlobalSection(ExtensibilityGlobals) = postSolution
		SolutionGuid = {7F90C794-C132-462E-A2C7-9248D053CB9D}
	EndGlobalSection
EndGlobal
